// !$*UTF8*$!
{
	archiveVersion = 1;
	classes = {
	};
	objectVersion = 46;
	objects = {

/* Begin PBXBuildFile section */
		25F546EA589802F24A30E84C /* Pods_WhyFi.framework in Frameworks */ = {isa = PBXBuildFile; fileRef = A530373C6C52A75BB4D4EDCD /* Pods_WhyFi.framework */; };
		262E260A54627BC84C3DC6AD /* Pods_WhyFiHelper.framework in Frameworks */ = {isa = PBXBuildFile; fileRef = 7D4BDF0212020F678626F433 /* Pods_WhyFiHelper.framework */; };
		E21C94F01EAF029C00DAA633 /* AppDelegate.swift in Sources */ = {isa = PBXBuildFile; fileRef = E21C94EF1EAF029C00DAA633 /* AppDelegate.swift */; };
		E21C94F51EAF029C00DAA633 /* Main.storyboard in Resources */ = {isa = PBXBuildFile; fileRef = E21C94F31EAF029C00DAA633 /* Main.storyboard */; };
		E21C94F71EAF029C00DAA633 /* Assets.xcassets in Resources */ = {isa = PBXBuildFile; fileRef = E21C94F61EAF029C00DAA633 /* Assets.xcassets */; };
		E21C94FA1EAF029C00DAA633 /* LaunchScreen.storyboard in Resources */ = {isa = PBXBuildFile; fileRef = E21C94F81EAF029C00DAA633 /* LaunchScreen.storyboard */; };
		E2255EDE1EB5ED88004EFFCF /* 画板 1.png in Resources */ = {isa = PBXBuildFile; fileRef = E2255ED91EB5ED88004EFFCF /* 画板 1.png */; };
		E2255EE11EB5ED88004EFFCF /* 画板 1@2x-iPadpro.png in Resources */ = {isa = PBXBuildFile; fileRef = E2255EDC1EB5ED88004EFFCF /* 画板 1@2x-iPadpro.png */; };
		E2255EE21EB5ED88004EFFCF /* 画板 1@2x.png in Resources */ = {isa = PBXBuildFile; fileRef = E2255EDD1EB5ED88004EFFCF /* 画板 1@2x.png */; };
		E2255EE41EB5EDEC004EFFCF /* 画板 1@3x.png in Resources */ = {isa = PBXBuildFile; fileRef = E2255EE31EB5EDEC004EFFCF /* 画板 1@3x.png */; };
		E2255EE61EB5EE32004EFFCF /* 画板 1@1x-iPad.png in Resources */ = {isa = PBXBuildFile; fileRef = E2255EE51EB5EE32004EFFCF /* 画板 1@1x-iPad.png */; };
		E2255EE81EB5EE79004EFFCF /* 画板 1@2x-iPad.png in Resources */ = {isa = PBXBuildFile; fileRef = E2255EE71EB5EE79004EFFCF /* 画板 1@2x-iPad.png */; };
		E23965651EAF1260005DBC42 /* network.swift in Sources */ = {isa = PBXBuildFile; fileRef = E23965641EAF1260005DBC42 /* network.swift */; };
		E23EBCCF1EBA40D80073C77B /* splashscreen.png in Resources */ = {isa = PBXBuildFile; fileRef = E23EBCCE1EBA40D80073C77B /* splashscreen.png */; };
		E277AF671EC0999600A3D338 /* NavigationController.swift in Sources */ = {isa = PBXBuildFile; fileRef = E277AF661EC0999600A3D338 /* NavigationController.swift */; };
		E2A015AE1EAF9785007ED748 /* NotificationCenter.framework in Frameworks */ = {isa = PBXBuildFile; fileRef = E2A015AD1EAF9785007ED748 /* NotificationCenter.framework */; };
		E2A015B11EAF9785007ED748 /* TodayViewController.swift in Sources */ = {isa = PBXBuildFile; fileRef = E2A015B01EAF9785007ED748 /* TodayViewController.swift */; };
		E2A015B41EAF9785007ED748 /* MainInterface.storyboard in Resources */ = {isa = PBXBuildFile; fileRef = E2A015B21EAF9785007ED748 /* MainInterface.storyboard */; };
		E2A015B81EAF9785007ED748 /* WhyFiHelper.appex in Embed App Extensions */ = {isa = PBXBuildFile; fileRef = E2A015AC1EAF9785007ED748 /* WhyFiHelper.appex */; settings = {ATTRIBUTES = (RemoveHeadersOnCopy, ); }; };
		E2A015BE1EAF9E4B007ED748 /* network.swift in Sources */ = {isa = PBXBuildFile; fileRef = E2A015BD1EAF9E4B007ED748 /* network.swift */; };
		E2C785311EC321ED00236B69 /* SVWebViewController.strings in Resources */ = {isa = PBXBuildFile; fileRef = E2C785121EC321ED00236B69 /* SVWebViewController.strings */; };
		E2C785321EC321ED00236B69 /* SVModalWebViewController.m in Sources */ = {isa = PBXBuildFile; fileRef = E2C7851C1EC321ED00236B69 /* SVModalWebViewController.m */; };
		E2C785331EC321ED00236B69 /* SVWebViewController.bundle in Resources */ = {isa = PBXBuildFile; fileRef = E2C7851D1EC321ED00236B69 /* SVWebViewController.bundle */; };
		E2C785341EC321ED00236B69 /* SVWebViewController.m in Sources */ = {isa = PBXBuildFile; fileRef = E2C7851F1EC321ED00236B69 /* SVWebViewController.m */; };
		E2C785351EC321ED00236B69 /* SVWebViewControllerActivityChrome-iPad.png in Resources */ = {isa = PBXBuildFile; fileRef = E2C785221EC321ED00236B69 /* SVWebViewControllerActivityChrome-iPad.png */; };
		E2C785361EC321ED00236B69 /* SVWebViewControllerActivityChrome-iPad@2x.png in Resources */ = {isa = PBXBuildFile; fileRef = E2C785231EC321ED00236B69 /* SVWebViewControllerActivityChrome-iPad@2x.png */; };
		E2C785371EC321ED00236B69 /* SVWebViewControllerActivityChrome.m in Sources */ = {isa = PBXBuildFile; fileRef = E2C785251EC321ED00236B69 /* SVWebViewControllerActivityChrome.m */; };
		E2C785381EC321ED00236B69 /* SVWebViewControllerActivityChrome@2x.png in Resources */ = {isa = PBXBuildFile; fileRef = E2C785261EC321ED00236B69 /* SVWebViewControllerActivityChrome@2x.png */; };
		E2C785391EC321ED00236B69 /* SVWebViewControllerActivitySafari-iPad.png in Resources */ = {isa = PBXBuildFile; fileRef = E2C785281EC321ED00236B69 /* SVWebViewControllerActivitySafari-iPad.png */; };
		E2C7853A1EC321ED00236B69 /* SVWebViewControllerActivitySafari-iPad@2x.png in Resources */ = {isa = PBXBuildFile; fileRef = E2C785291EC321ED00236B69 /* SVWebViewControllerActivitySafari-iPad@2x.png */; };
		E2C7853B1EC321ED00236B69 /* SVWebViewControllerActivitySafari.m in Sources */ = {isa = PBXBuildFile; fileRef = E2C7852B1EC321ED00236B69 /* SVWebViewControllerActivitySafari.m */; };
		E2C7853C1EC321ED00236B69 /* SVWebViewControllerActivitySafari@2x.png in Resources */ = {isa = PBXBuildFile; fileRef = E2C7852C1EC321ED00236B69 /* SVWebViewControllerActivitySafari@2x.png */; };
		E2C7853D1EC321ED00236B69 /* SVWebViewControllerActivity.m in Sources */ = {isa = PBXBuildFile; fileRef = E2C7852E1EC321ED00236B69 /* SVWebViewControllerActivity.m */; };
		E2E3B7551EBF64A000D836AC /* TableViewController.swift in Sources */ = {isa = PBXBuildFile; fileRef = E2E3B7541EBF64A000D836AC /* TableViewController.swift */; };
		E2E3B7641EBF676200D836AC /* Localizable.strings in Resources */ = {isa = PBXBuildFile; fileRef = E2E3B7661EBF676200D836AC /* Localizable.strings */; };
		E2F39B341EB4BD68009D0AC8 /* ShanghaiTech.mobileconfig in CopyFiles */ = {isa = PBXBuildFile; fileRef = E2F39B301EB4BB13009D0AC8 /* ShanghaiTech.mobileconfig */; settings = {ATTRIBUTES = (CodeSignOnCopy, ); }; };
/* End PBXBuildFile section */

/* Begin PBXContainerItemProxy section */
		E2A015B61EAF9785007ED748 /* PBXContainerItemProxy */ = {
			isa = PBXContainerItemProxy;
			containerPortal = E21C94E41EAF029C00DAA633 /* Project object */;
			proxyType = 1;
			remoteGlobalIDString = E2A015AB1EAF9785007ED748;
			remoteInfo = WhyFiHelper;
		};
/* End PBXContainerItemProxy section */

/* Begin PBXCopyFilesBuildPhase section */
		E2A015BC1EAF9785007ED748 /* Embed App Extensions */ = {
			isa = PBXCopyFilesBuildPhase;
			buildActionMask = 2147483647;
			dstPath = "";
			dstSubfolderSpec = 13;
			files = (
				E2A015B81EAF9785007ED748 /* WhyFiHelper.appex in Embed App Extensions */,
			);
			name = "Embed App Extensions";
			runOnlyForDeploymentPostprocessing = 0;
		};
		E2F39B331EB4BD4F009D0AC8 /* CopyFiles */ = {
			isa = PBXCopyFilesBuildPhase;
			buildActionMask = 2147483647;
			dstPath = "";
			dstSubfolderSpec = 7;
			files = (
				E2F39B341EB4BD68009D0AC8 /* ShanghaiTech.mobileconfig in CopyFiles */,
			);
			runOnlyForDeploymentPostprocessing = 0;
		};
/* End PBXCopyFilesBuildPhase section */

/* Begin PBXFileReference section */
		37BF10E90AEA24EF4EE75519 /* Pods-WhyFi.debug.xcconfig */ = {isa = PBXFileReference; includeInIndex = 1; lastKnownFileType = text.xcconfig; name = "Pods-WhyFi.debug.xcconfig"; path = "Pods/Target Support Files/Pods-WhyFi/Pods-WhyFi.debug.xcconfig"; sourceTree = "<group>"; };
		6B36F5883F219D4489F8CFFC /* Pods-WhyFiHelper.release.xcconfig */ = {isa = PBXFileReference; includeInIndex = 1; lastKnownFileType = text.xcconfig; name = "Pods-WhyFiHelper.release.xcconfig"; path = "Pods/Target Support Files/Pods-WhyFiHelper/Pods-WhyFiHelper.release.xcconfig"; sourceTree = "<group>"; };
		7D4BDF0212020F678626F433 /* Pods_WhyFiHelper.framework */ = {isa = PBXFileReference; explicitFileType = wrapper.framework; includeInIndex = 0; path = Pods_WhyFiHelper.framework; sourceTree = BUILT_PRODUCTS_DIR; };
		A530373C6C52A75BB4D4EDCD /* Pods_WhyFi.framework */ = {isa = PBXFileReference; explicitFileType = wrapper.framework; includeInIndex = 0; path = Pods_WhyFi.framework; sourceTree = BUILT_PRODUCTS_DIR; };
		C11F86269A2C8909FF243701 /* Pods-WhyFiHelper.debug.xcconfig */ = {isa = PBXFileReference; includeInIndex = 1; lastKnownFileType = text.xcconfig; name = "Pods-WhyFiHelper.debug.xcconfig"; path = "Pods/Target Support Files/Pods-WhyFiHelper/Pods-WhyFiHelper.debug.xcconfig"; sourceTree = "<group>"; };
		E208E4B71EBBE96000285501 /* ko */ = {isa = PBXFileReference; lastKnownFileType = text.plist.strings; name = ko; path = ko.lproj/Main.strings; sourceTree = "<group>"; };
		E208E4B91EBBE96200285501 /* zh-Hant */ = {isa = PBXFileReference; lastKnownFileType = text.plist.strings; name = "zh-Hant"; path = "zh-Hant.lproj/Main.strings"; sourceTree = "<group>"; };
		E208E4BB1EBBE96600285501 /* zh-Hans */ = {isa = PBXFileReference; lastKnownFileType = text.plist.strings; name = "zh-Hans"; path = "zh-Hans.lproj/Main.strings"; sourceTree = "<group>"; };
		E208E4BD1EBBE96900285501 /* ja */ = {isa = PBXFileReference; lastKnownFileType = text.plist.strings; name = ja; path = ja.lproj/Main.strings; sourceTree = "<group>"; };
		E208E4BF1EBBF06300285501 /* en */ = {isa = PBXFileReference; lastKnownFileType = text.plist.strings; name = en; path = en.lproj/MainInterface.strings; sourceTree = "<group>"; };
		E208E4C11EBBF31200285501 /* en */ = {isa = PBXFileReference; lastKnownFileType = text.plist.strings; name = en; path = en.lproj/LaunchScreen.strings; sourceTree = "<group>"; };
		E208E4C31EBBF31B00285501 /* ko */ = {isa = PBXFileReference; lastKnownFileType = text.plist.strings; name = ko; path = ko.lproj/LaunchScreen.strings; sourceTree = "<group>"; };
		E208E4C51EBBF32000285501 /* zh-Hant */ = {isa = PBXFileReference; lastKnownFileType = text.plist.strings; name = "zh-Hant"; path = "zh-Hant.lproj/LaunchScreen.strings"; sourceTree = "<group>"; };
		E208E4C71EBBF32700285501 /* zh-Hans */ = {isa = PBXFileReference; lastKnownFileType = text.plist.strings; name = "zh-Hans"; path = "zh-Hans.lproj/LaunchScreen.strings"; sourceTree = "<group>"; };
		E208E4C81EBBF32A00285501 /* ja */ = {isa = PBXFileReference; lastKnownFileType = text.plist.strings; name = ja; path = ja.lproj/LaunchScreen.strings; sourceTree = "<group>"; };
		E208E4D81EBC3A1B00285501 /* en */ = {isa = PBXFileReference; lastKnownFileType = text.plist.strings; name = en; path = en.lproj/Main.strings; sourceTree = "<group>"; };
		E21C94EC1EAF029C00DAA633 /* WhyFi.app */ = {isa = PBXFileReference; explicitFileType = wrapper.application; includeInIndex = 0; path = WhyFi.app; sourceTree = BUILT_PRODUCTS_DIR; };
		E21C94EF1EAF029C00DAA633 /* AppDelegate.swift */ = {isa = PBXFileReference; lastKnownFileType = sourcecode.swift; path = AppDelegate.swift; sourceTree = "<group>"; };
		E21C94F41EAF029C00DAA633 /* Base */ = {isa = PBXFileReference; lastKnownFileType = file.storyboard; name = Base; path = Base.lproj/Main.storyboard; sourceTree = "<group>"; };
		E21C94F61EAF029C00DAA633 /* Assets.xcassets */ = {isa = PBXFileReference; lastKnownFileType = folder.assetcatalog; path = Assets.xcassets; sourceTree = "<group>"; };
		E21C94F91EAF029C00DAA633 /* Base */ = {isa = PBXFileReference; lastKnownFileType = file.storyboard; name = Base; path = Base.lproj/LaunchScreen.storyboard; sourceTree = "<group>"; };
		E21C94FB1EAF029C00DAA633 /* Info.plist */ = {isa = PBXFileReference; lastKnownFileType = text.plist.xml; path = Info.plist; sourceTree = "<group>"; };
		E2255E951EB4EF29004EFFCF /* libz.tbd */ = {isa = PBXFileReference; lastKnownFileType = "sourcecode.text-based-dylib-definition"; name = libz.tbd; path = usr/lib/libz.tbd; sourceTree = SDKROOT; };
		E2255ED91EB5ED88004EFFCF /* 画板 1.png */ = {isa = PBXFileReference; lastKnownFileType = image.png; path = "画板 1.png"; sourceTree = "<group>"; };
		E2255EDC1EB5ED88004EFFCF /* 画板 1@2x-iPadpro.png */ = {isa = PBXFileReference; lastKnownFileType = image.png; path = "画板 1@2x-iPadpro.png"; sourceTree = "<group>"; };
		E2255EDD1EB5ED88004EFFCF /* 画板 1@2x.png */ = {isa = PBXFileReference; lastKnownFileType = image.png; path = "画板 1@2x.png"; sourceTree = "<group>"; };
		E2255EE31EB5EDEC004EFFCF /* 画板 1@3x.png */ = {isa = PBXFileReference; lastKnownFileType = image.png; path = "画板 1@3x.png"; sourceTree = "<group>"; };
		E2255EE51EB5EE32004EFFCF /* 画板 1@1x-iPad.png */ = {isa = PBXFileReference; lastKnownFileType = image.png; path = "画板 1@1x-iPad.png"; sourceTree = "<group>"; };
		E2255EE71EB5EE79004EFFCF /* 画板 1@2x-iPad.png */ = {isa = PBXFileReference; lastKnownFileType = image.png; path = "画板 1@2x-iPad.png"; sourceTree = "<group>"; };
		E23965641EAF1260005DBC42 /* network.swift */ = {isa = PBXFileReference; fileEncoding = 4; lastKnownFileType = sourcecode.swift; path = network.swift; sourceTree = "<group>"; };
		E23EBCCE1EBA40D80073C77B /* splashscreen.png */ = {isa = PBXFileReference; lastKnownFileType = image.png; path = splashscreen.png; sourceTree = "<group>"; };
		E277AF661EC0999600A3D338 /* NavigationController.swift */ = {isa = PBXFileReference; fileEncoding = 4; lastKnownFileType = sourcecode.swift; path = NavigationController.swift; sourceTree = "<group>"; };
		E277AF681EC099DA00A3D338 /* WhyFi-Bridging-Header.h */ = {isa = PBXFileReference; fileEncoding = 4; lastKnownFileType = sourcecode.c.h; path = "WhyFi-Bridging-Header.h"; sourceTree = "<group>"; };
		E2A015A51EAF8749007ED748 /* WhyFi.entitlements */ = {isa = PBXFileReference; lastKnownFileType = text.plist.entitlements; path = WhyFi.entitlements; sourceTree = "<group>"; };
		E2A015AC1EAF9785007ED748 /* WhyFiHelper.appex */ = {isa = PBXFileReference; explicitFileType = "wrapper.app-extension"; includeInIndex = 0; path = WhyFiHelper.appex; sourceTree = BUILT_PRODUCTS_DIR; };
		E2A015AD1EAF9785007ED748 /* NotificationCenter.framework */ = {isa = PBXFileReference; lastKnownFileType = wrapper.framework; name = NotificationCenter.framework; path = System/Library/Frameworks/NotificationCenter.framework; sourceTree = SDKROOT; };
		E2A015B01EAF9785007ED748 /* TodayViewController.swift */ = {isa = PBXFileReference; lastKnownFileType = sourcecode.swift; path = TodayViewController.swift; sourceTree = "<group>"; };
		E2A015B31EAF9785007ED748 /* Base */ = {isa = PBXFileReference; lastKnownFileType = file.storyboard; name = Base; path = Base.lproj/MainInterface.storyboard; sourceTree = "<group>"; };
		E2A015B51EAF9785007ED748 /* Info.plist */ = {isa = PBXFileReference; lastKnownFileType = text.plist.xml; path = Info.plist; sourceTree = "<group>"; };
		E2A015BD1EAF9E4B007ED748 /* network.swift */ = {isa = PBXFileReference; fileEncoding = 4; lastKnownFileType = sourcecode.swift; path = network.swift; sourceTree = "<group>"; };
		E2A3BD111EB483F400F26FAB /* ko */ = {isa = PBXFileReference; lastKnownFileType = text.plist.strings; name = ko; path = ko.lproj/MainInterface.strings; sourceTree = "<group>"; };
		E2A3BD181EB4840600F26FAB /* zh-Hant */ = {isa = PBXFileReference; lastKnownFileType = text.plist.strings; name = "zh-Hant"; path = "zh-Hant.lproj/MainInterface.strings"; sourceTree = "<group>"; };
		E2A3BD1C1EB4843800F26FAB /* zh-Hans */ = {isa = PBXFileReference; lastKnownFileType = text.plist.strings; name = "zh-Hans"; path = "zh-Hans.lproj/MainInterface.strings"; sourceTree = "<group>"; };
		E2C785131EC321ED00236B69 /* da */ = {isa = PBXFileReference; lastKnownFileType = text.plist.strings; name = da; path = da.lproj/SVWebViewController.strings; sourceTree = "<group>"; };
		E2C785141EC321ED00236B69 /* de */ = {isa = PBXFileReference; lastKnownFileType = text.plist.strings; name = de; path = de.lproj/SVWebViewController.strings; sourceTree = "<group>"; };
		E2C785151EC321ED00236B69 /* en */ = {isa = PBXFileReference; lastKnownFileType = text.plist.strings; name = en; path = en.lproj/SVWebViewController.strings; sourceTree = "<group>"; };
		E2C785161EC321ED00236B69 /* es-ES */ = {isa = PBXFileReference; lastKnownFileType = text.plist.strings; name = "es-ES"; path = "es-ES.lproj/SVWebViewController.strings"; sourceTree = "<group>"; };
		E2C785171EC321ED00236B69 /* es */ = {isa = PBXFileReference; lastKnownFileType = text.plist.strings; name = es; path = es.lproj/SVWebViewController.strings; sourceTree = "<group>"; };
		E2C785181EC321ED00236B69 /* fr */ = {isa = PBXFileReference; lastKnownFileType = text.plist.strings; name = fr; path = fr.lproj/SVWebViewController.strings; sourceTree = "<group>"; };
		E2C785191EC321ED00236B69 /* ja */ = {isa = PBXFileReference; lastKnownFileType = text.plist.strings; name = ja; path = ja.lproj/SVWebViewController.strings; sourceTree = "<group>"; };
		E2C7851A1EC321ED00236B69 /* pt */ = {isa = PBXFileReference; lastKnownFileType = text.plist.strings; name = pt; path = pt.lproj/SVWebViewController.strings; sourceTree = "<group>"; };
		E2C7851B1EC321ED00236B69 /* SVModalWebViewController.h */ = {isa = PBXFileReference; fileEncoding = 4; lastKnownFileType = sourcecode.c.h; path = SVModalWebViewController.h; sourceTree = "<group>"; };
		E2C7851C1EC321ED00236B69 /* SVModalWebViewController.m */ = {isa = PBXFileReference; fileEncoding = 4; lastKnownFileType = sourcecode.c.objc; path = SVModalWebViewController.m; sourceTree = "<group>"; };
		E2C7851D1EC321ED00236B69 /* SVWebViewController.bundle */ = {isa = PBXFileReference; lastKnownFileType = "wrapper.plug-in"; path = SVWebViewController.bundle; sourceTree = "<group>"; };
		E2C7851E1EC321ED00236B69 /* SVWebViewController.h */ = {isa = PBXFileReference; fileEncoding = 4; lastKnownFileType = sourcecode.c.h; path = SVWebViewController.h; sourceTree = "<group>"; };
		E2C7851F1EC321ED00236B69 /* SVWebViewController.m */ = {isa = PBXFileReference; fileEncoding = 4; lastKnownFileType = sourcecode.c.objc; path = SVWebViewController.m; sourceTree = "<group>"; };
		E2C785221EC321ED00236B69 /* SVWebViewControllerActivityChrome-iPad.png */ = {isa = PBXFileReference; lastKnownFileType = image.png; path = "SVWebViewControllerActivityChrome-iPad.png"; sourceTree = "<group>"; };
		E2C785231EC321ED00236B69 /* SVWebViewControllerActivityChrome-iPad@2x.png */ = {isa = PBXFileReference; lastKnownFileType = image.png; path = "SVWebViewControllerActivityChrome-iPad@2x.png"; sourceTree = "<group>"; };
		E2C785241EC321ED00236B69 /* SVWebViewControllerActivityChrome.h */ = {isa = PBXFileReference; fileEncoding = 4; lastKnownFileType = sourcecode.c.h; path = SVWebViewControllerActivityChrome.h; sourceTree = "<group>"; };
		E2C785251EC321ED00236B69 /* SVWebViewControllerActivityChrome.m */ = {isa = PBXFileReference; fileEncoding = 4; lastKnownFileType = sourcecode.c.objc; path = SVWebViewControllerActivityChrome.m; sourceTree = "<group>"; };
		E2C785261EC321ED00236B69 /* SVWebViewControllerActivityChrome@2x.png */ = {isa = PBXFileReference; lastKnownFileType = image.png; path = "SVWebViewControllerActivityChrome@2x.png"; sourceTree = "<group>"; };
		E2C785281EC321ED00236B69 /* SVWebViewControllerActivitySafari-iPad.png */ = {isa = PBXFileReference; lastKnownFileType = image.png; path = "SVWebViewControllerActivitySafari-iPad.png"; sourceTree = "<group>"; };
		E2C785291EC321ED00236B69 /* SVWebViewControllerActivitySafari-iPad@2x.png */ = {isa = PBXFileReference; lastKnownFileType = image.png; path = "SVWebViewControllerActivitySafari-iPad@2x.png"; sourceTree = "<group>"; };
		E2C7852A1EC321ED00236B69 /* SVWebViewControllerActivitySafari.h */ = {isa = PBXFileReference; fileEncoding = 4; lastKnownFileType = sourcecode.c.h; path = SVWebViewControllerActivitySafari.h; sourceTree = "<group>"; };
		E2C7852B1EC321ED00236B69 /* SVWebViewControllerActivitySafari.m */ = {isa = PBXFileReference; fileEncoding = 4; lastKnownFileType = sourcecode.c.objc; path = SVWebViewControllerActivitySafari.m; sourceTree = "<group>"; };
		E2C7852C1EC321ED00236B69 /* SVWebViewControllerActivitySafari@2x.png */ = {isa = PBXFileReference; lastKnownFileType = image.png; path = "SVWebViewControllerActivitySafari@2x.png"; sourceTree = "<group>"; };
		E2C7852D1EC321ED00236B69 /* SVWebViewControllerActivity.h */ = {isa = PBXFileReference; fileEncoding = 4; lastKnownFileType = sourcecode.c.h; path = SVWebViewControllerActivity.h; sourceTree = "<group>"; };
		E2C7852E1EC321ED00236B69 /* SVWebViewControllerActivity.m */ = {isa = PBXFileReference; fileEncoding = 4; lastKnownFileType = sourcecode.c.objc; path = SVWebViewControllerActivity.m; sourceTree = "<group>"; };
		E2C7852F1EC321ED00236B69 /* zh-Hans */ = {isa = PBXFileReference; lastKnownFileType = text.plist.strings; name = "zh-Hans"; path = "zh-Hans.lproj/SVWebViewController.strings"; sourceTree = "<group>"; };
		E2C785301EC321ED00236B69 /* zh-Hant */ = {isa = PBXFileReference; lastKnownFileType = text.plist.strings; name = "zh-Hant"; path = "zh-Hant.lproj/SVWebViewController.strings"; sourceTree = "<group>"; };
		E2E3B7541EBF64A000D836AC /* TableViewController.swift */ = {isa = PBXFileReference; fileEncoding = 4; lastKnownFileType = sourcecode.swift; path = TableViewController.swift; sourceTree = "<group>"; };
		E2E3B7651EBF676200D836AC /* Base */ = {isa = PBXFileReference; lastKnownFileType = text.plist.strings; name = Base; path = Base.lproj/Localizable.strings; sourceTree = "<group>"; };
		E2E3B7671EBF676700D836AC /* en */ = {isa = PBXFileReference; lastKnownFileType = text.plist.strings; name = en; path = en.lproj/Localizable.strings; sourceTree = "<group>"; };
		E2E3B7681EBF676E00D836AC /* ko */ = {isa = PBXFileReference; lastKnownFileType = text.plist.strings; name = ko; path = ko.lproj/Localizable.strings; sourceTree = "<group>"; };
		E2E3B7691EBF677300D836AC /* zh-Hant */ = {isa = PBXFileReference; lastKnownFileType = text.plist.strings; name = "zh-Hant"; path = "zh-Hant.lproj/Localizable.strings"; sourceTree = "<group>"; };
		E2E3B76A1EBF677500D836AC /* zh-Hans */ = {isa = PBXFileReference; lastKnownFileType = text.plist.strings; name = "zh-Hans"; path = "zh-Hans.lproj/Localizable.strings"; sourceTree = "<group>"; };
		E2E3B76B1EBF677700D836AC /* ja */ = {isa = PBXFileReference; lastKnownFileType = text.plist.strings; name = ja; path = ja.lproj/Localizable.strings; sourceTree = "<group>"; };
		E2F39B2B1EB4870F009D0AC8 /* ja */ = {isa = PBXFileReference; lastKnownFileType = text.plist.strings; name = ja; path = ja.lproj/MainInterface.strings; sourceTree = "<group>"; };
		E2F39B301EB4BB13009D0AC8 /* ShanghaiTech.mobileconfig */ = {isa = PBXFileReference; lastKnownFileType = text.xml; path = ShanghaiTech.mobileconfig; sourceTree = "<group>"; };
		F9B072FFDDF4A8C568998405 /* Pods-WhyFi.release.xcconfig */ = {isa = PBXFileReference; includeInIndex = 1; lastKnownFileType = text.xcconfig; name = "Pods-WhyFi.release.xcconfig"; path = "Pods/Target Support Files/Pods-WhyFi/Pods-WhyFi.release.xcconfig"; sourceTree = "<group>"; };
/* End PBXFileReference section */

/* Begin PBXFrameworksBuildPhase section */
		E21C94E91EAF029C00DAA633 /* Frameworks */ = {
			isa = PBXFrameworksBuildPhase;
			buildActionMask = 2147483647;
			files = (
				25F546EA589802F24A30E84C /* Pods_WhyFi.framework in Frameworks */,
			);
			runOnlyForDeploymentPostprocessing = 0;
		};
		E2A015A91EAF9785007ED748 /* Frameworks */ = {
			isa = PBXFrameworksBuildPhase;
			buildActionMask = 2147483647;
			files = (
				E2A015AE1EAF9785007ED748 /* NotificationCenter.framework in Frameworks */,
				262E260A54627BC84C3DC6AD /* Pods_WhyFiHelper.framework in Frameworks */,
			);
			runOnlyForDeploymentPostprocessing = 0;
		};
/* End PBXFrameworksBuildPhase section */

/* Begin PBXGroup section */
		9BB6AE28A42E4EE2F7CDFA75 /* Pods */ = {
			isa = PBXGroup;
			children = (
				37BF10E90AEA24EF4EE75519 /* Pods-WhyFi.debug.xcconfig */,
				F9B072FFDDF4A8C568998405 /* Pods-WhyFi.release.xcconfig */,
				C11F86269A2C8909FF243701 /* Pods-WhyFiHelper.debug.xcconfig */,
				6B36F5883F219D4489F8CFFC /* Pods-WhyFiHelper.release.xcconfig */,
			);
			name = Pods;
			sourceTree = "<group>";
		};
		E21C94E31EAF029C00DAA633 = {
			isa = PBXGroup;
			children = (
				E2C785111EC321ED00236B69 /* SVWebViewController */,
				E21C94EE1EAF029C00DAA633 /* WhyFi */,
				E2A015AF1EAF9785007ED748 /* WhyFiHelper */,
				E21C94ED1EAF029C00DAA633 /* Products */,
				E2A015A11EAF446F007ED748 /* Frameworks */,
				9BB6AE28A42E4EE2F7CDFA75 /* Pods */,
			);
			sourceTree = "<group>";
		};
		E21C94ED1EAF029C00DAA633 /* Products */ = {
			isa = PBXGroup;
			children = (
				E21C94EC1EAF029C00DAA633 /* WhyFi.app */,
				E2A015AC1EAF9785007ED748 /* WhyFiHelper.appex */,
			);
			name = Products;
			sourceTree = "<group>";
		};
		E21C94EE1EAF029C00DAA633 /* WhyFi */ = {
			isa = PBXGroup;
			children = (
				E2255ED81EB5ED88004EFFCF /* icon */,
				E2F39B301EB4BB13009D0AC8 /* ShanghaiTech.mobileconfig */,
				E277AF681EC099DA00A3D338 /* WhyFi-Bridging-Header.h */,
				E2A015A51EAF8749007ED748 /* WhyFi.entitlements */,
				E21C94EF1EAF029C00DAA633 /* AppDelegate.swift */,
				E2E3B7541EBF64A000D836AC /* TableViewController.swift */,
				E277AF661EC0999600A3D338 /* NavigationController.swift */,
				E21C94F31EAF029C00DAA633 /* Main.storyboard */,
				E21C94F61EAF029C00DAA633 /* Assets.xcassets */,
				E21C94F81EAF029C00DAA633 /* LaunchScreen.storyboard */,
				E21C94FB1EAF029C00DAA633 /* Info.plist */,
				E23965641EAF1260005DBC42 /* network.swift */,
				E2E3B7661EBF676200D836AC /* Localizable.strings */,
			);
			path = WhyFi;
			sourceTree = "<group>";
		};
		E2255ED81EB5ED88004EFFCF /* icon */ = {
			isa = PBXGroup;
			children = (
				E2255EE51EB5EE32004EFFCF /* 画板 1@1x-iPad.png */,
				E2255ED91EB5ED88004EFFCF /* 画板 1.png */,
				E2255EDC1EB5ED88004EFFCF /* 画板 1@2x-iPadpro.png */,
				E2255EE71EB5EE79004EFFCF /* 画板 1@2x-iPad.png */,
				E23EBCCE1EBA40D80073C77B /* splashscreen.png */,
				E2255EE31EB5EDEC004EFFCF /* 画板 1@3x.png */,
				E2255EDD1EB5ED88004EFFCF /* 画板 1@2x.png */,
			);
			path = icon;
			sourceTree = "<group>";
		};
		E2A015A11EAF446F007ED748 /* Frameworks */ = {
			isa = PBXGroup;
			children = (
				E2255E951EB4EF29004EFFCF /* libz.tbd */,
				E2A015AD1EAF9785007ED748 /* NotificationCenter.framework */,
				A530373C6C52A75BB4D4EDCD /* Pods_WhyFi.framework */,
				7D4BDF0212020F678626F433 /* Pods_WhyFiHelper.framework */,
			);
			name = Frameworks;
			sourceTree = "<group>";
		};
		E2A015AF1EAF9785007ED748 /* WhyFiHelper */ = {
			isa = PBXGroup;
			children = (
				E2A015B01EAF9785007ED748 /* TodayViewController.swift */,
				E2A015B21EAF9785007ED748 /* MainInterface.storyboard */,
				E2A015B51EAF9785007ED748 /* Info.plist */,
				E2A015BD1EAF9E4B007ED748 /* network.swift */,
			);
			path = WhyFiHelper;
			sourceTree = "<group>";
		};
		E2C785111EC321ED00236B69 /* SVWebViewController */ = {
			isa = PBXGroup;
			children = (
				E2C785121EC321ED00236B69 /* SVWebViewController.strings */,
				E2C7851B1EC321ED00236B69 /* SVModalWebViewController.h */,
				E2C7851C1EC321ED00236B69 /* SVModalWebViewController.m */,
				E2C7851D1EC321ED00236B69 /* SVWebViewController.bundle */,
				E2C7851E1EC321ED00236B69 /* SVWebViewController.h */,
				E2C7851F1EC321ED00236B69 /* SVWebViewController.m */,
				E2C785201EC321ED00236B69 /* UIActivities */,
			);
			path = SVWebViewController;
			sourceTree = "<group>";
		};
		E2C785201EC321ED00236B69 /* UIActivities */ = {
			isa = PBXGroup;
			children = (
				E2C785211EC321ED00236B69 /* Chrome */,
				E2C785271EC321ED00236B69 /* Safari */,
				E2C7852D1EC321ED00236B69 /* SVWebViewControllerActivity.h */,
				E2C7852E1EC321ED00236B69 /* SVWebViewControllerActivity.m */,
			);
			path = UIActivities;
			sourceTree = "<group>";
		};
		E2C785211EC321ED00236B69 /* Chrome */ = {
			isa = PBXGroup;
			children = (
				E2C785221EC321ED00236B69 /* SVWebViewControllerActivityChrome-iPad.png */,
				E2C785231EC321ED00236B69 /* SVWebViewControllerActivityChrome-iPad@2x.png */,
				E2C785241EC321ED00236B69 /* SVWebViewControllerActivityChrome.h */,
				E2C785251EC321ED00236B69 /* SVWebViewControllerActivityChrome.m */,
				E2C785261EC321ED00236B69 /* SVWebViewControllerActivityChrome@2x.png */,
			);
			path = Chrome;
			sourceTree = "<group>";
		};
		E2C785271EC321ED00236B69 /* Safari */ = {
			isa = PBXGroup;
			children = (
				E2C785281EC321ED00236B69 /* SVWebViewControllerActivitySafari-iPad.png */,
				E2C785291EC321ED00236B69 /* SVWebViewControllerActivitySafari-iPad@2x.png */,
				E2C7852A1EC321ED00236B69 /* SVWebViewControllerActivitySafari.h */,
				E2C7852B1EC321ED00236B69 /* SVWebViewControllerActivitySafari.m */,
				E2C7852C1EC321ED00236B69 /* SVWebViewControllerActivitySafari@2x.png */,
			);
			path = Safari;
			sourceTree = "<group>";
		};
/* End PBXGroup section */

/* Begin PBXNativeTarget section */
		E21C94EB1EAF029C00DAA633 /* WhyFi */ = {
			isa = PBXNativeTarget;
			buildConfigurationList = E21C94FE1EAF029C00DAA633 /* Build configuration list for PBXNativeTarget "WhyFi" */;
			buildPhases = (
				53ACCB930856A1EBD95A21C0 /* [CP] Check Pods Manifest.lock */,
				E21C94E81EAF029C00DAA633 /* Sources */,
				E21C94E91EAF029C00DAA633 /* Frameworks */,
				E21C94EA1EAF029C00DAA633 /* Resources */,
				E2A015BC1EAF9785007ED748 /* Embed App Extensions */,
				E2F39B331EB4BD4F009D0AC8 /* CopyFiles */,
				DA92A011CCAC47F928159B2B /* [CP] Embed Pods Frameworks */,
				6277C124AD3F52A69BE6D6B4 /* [CP] Copy Pods Resources */,
			);
			buildRules = (
			);
			dependencies = (
				E2A015B71EAF9785007ED748 /* PBXTargetDependency */,
			);
			name = WhyFi;
			productName = WhyFi;
			productReference = E21C94EC1EAF029C00DAA633 /* WhyFi.app */;
			productType = "com.apple.product-type.application";
		};
		E2A015AB1EAF9785007ED748 /* WhyFiHelper */ = {
			isa = PBXNativeTarget;
			buildConfigurationList = E2A015B91EAF9785007ED748 /* Build configuration list for PBXNativeTarget "WhyFiHelper" */;
			buildPhases = (
				3F67231529B14C2B75C3EE77 /* [CP] Check Pods Manifest.lock */,
				E2A015A81EAF9785007ED748 /* Sources */,
				E2A015A91EAF9785007ED748 /* Frameworks */,
				E2A015AA1EAF9785007ED748 /* Resources */,
				0037070FB8DCC8ADBB2FEA63 /* [CP] Copy Pods Resources */,
			);
			buildRules = (
			);
			dependencies = (
			);
			name = WhyFiHelper;
			productName = WhyFiHelper;
			productReference = E2A015AC1EAF9785007ED748 /* WhyFiHelper.appex */;
			productType = "com.apple.product-type.app-extension";
		};
/* End PBXNativeTarget section */

/* Begin PBXProject section */
		E21C94E41EAF029C00DAA633 /* Project object */ = {
			isa = PBXProject;
			attributes = {
				LastSwiftUpdateCheck = 0830;
				LastUpgradeCheck = 0900;
				ORGANIZATIONNAME = Tom;
				TargetAttributes = {
					E21C94EB1EAF029C00DAA633 = {
						CreatedOnToolsVersion = 8.3.2;
						LastSwiftMigration = 0900;
						ProvisioningStyle = Automatic;
						SystemCapabilities = {
							com.apple.AccessWiFi = {
								enabled = 0;
							};
							com.apple.BackgroundModes = {
								enabled = 1;
							};
							com.apple.Keychain = {
								enabled = 0;
							};
							com.apple.SafariKeychain = {
								enabled = 0;
							};
						};
					};
					E2A015AB1EAF9785007ED748 = {
						CreatedOnToolsVersion = 8.3.2;
						LastSwiftMigration = 0900;
						ProvisioningStyle = Automatic;
					};
				};
			};
			buildConfigurationList = E21C94E71EAF029C00DAA633 /* Build configuration list for PBXProject "WhyFi" */;
			compatibilityVersion = "Xcode 3.2";
			developmentRegion = English;
			hasScannedForEncodings = 0;
			knownRegions = (
				en,
				Base,
				ko,
				"zh-Hant",
				"zh-Hans",
				ja,
				da,
				de,
				"es-ES",
				es,
				fr,
				pt,
			);
			mainGroup = E21C94E31EAF029C00DAA633;
			productRefGroup = E21C94ED1EAF029C00DAA633 /* Products */;
			projectDirPath = "";
			projectRoot = "";
			targets = (
				E21C94EB1EAF029C00DAA633 /* WhyFi */,
				E2A015AB1EAF9785007ED748 /* WhyFiHelper */,
			);
		};
/* End PBXProject section */

/* Begin PBXResourcesBuildPhase section */
		E21C94EA1EAF029C00DAA633 /* Resources */ = {
			isa = PBXResourcesBuildPhase;
			buildActionMask = 2147483647;
			files = (
				E2255EE11EB5ED88004EFFCF /* 画板 1@2x-iPadpro.png in Resources */,
				E2255EE21EB5ED88004EFFCF /* 画板 1@2x.png in Resources */,
				E2E3B7641EBF676200D836AC /* Localizable.strings in Resources */,
				E2255EE41EB5EDEC004EFFCF /* 画板 1@3x.png in Resources */,
				E2255EE61EB5EE32004EFFCF /* 画板 1@1x-iPad.png in Resources */,
				E2C785351EC321ED00236B69 /* SVWebViewControllerActivityChrome-iPad.png in Resources */,
				E2C785381EC321ED00236B69 /* SVWebViewControllerActivityChrome@2x.png in Resources */,
				E2C785311EC321ED00236B69 /* SVWebViewController.strings in Resources */,
				E2255EDE1EB5ED88004EFFCF /* 画板 1.png in Resources */,
				E2C785391EC321ED00236B69 /* SVWebViewControllerActivitySafari-iPad.png in Resources */,
				E21C94FA1EAF029C00DAA633 /* LaunchScreen.storyboard in Resources */,
				E23EBCCF1EBA40D80073C77B /* splashscreen.png in Resources */,
				E2C785361EC321ED00236B69 /* SVWebViewControllerActivityChrome-iPad@2x.png in Resources */,
				E2C785331EC321ED00236B69 /* SVWebViewController.bundle in Resources */,
				E2C7853C1EC321ED00236B69 /* SVWebViewControllerActivitySafari@2x.png in Resources */,
				E2C7853A1EC321ED00236B69 /* SVWebViewControllerActivitySafari-iPad@2x.png in Resources */,
				E2255EE81EB5EE79004EFFCF /* 画板 1@2x-iPad.png in Resources */,
				E21C94F71EAF029C00DAA633 /* Assets.xcassets in Resources */,
				E21C94F51EAF029C00DAA633 /* Main.storyboard in Resources */,
			);
			runOnlyForDeploymentPostprocessing = 0;
		};
		E2A015AA1EAF9785007ED748 /* Resources */ = {
			isa = PBXResourcesBuildPhase;
			buildActionMask = 2147483647;
			files = (
				E2A015B41EAF9785007ED748 /* MainInterface.storyboard in Resources */,
			);
			runOnlyForDeploymentPostprocessing = 0;
		};
/* End PBXResourcesBuildPhase section */

/* Begin PBXShellScriptBuildPhase section */
		0037070FB8DCC8ADBB2FEA63 /* [CP] Copy Pods Resources */ = {
			isa = PBXShellScriptBuildPhase;
			buildActionMask = 2147483647;
			files = (
			);
			inputPaths = (
			);
			name = "[CP] Copy Pods Resources";
			outputPaths = (
			);
			runOnlyForDeploymentPostprocessing = 0;
			shellPath = /bin/sh;
			shellScript = "\"${SRCROOT}/Pods/Target Support Files/Pods-WhyFiHelper/Pods-WhyFiHelper-resources.sh\"\n";
			showEnvVarsInLog = 0;
		};
		3F67231529B14C2B75C3EE77 /* [CP] Check Pods Manifest.lock */ = {
			isa = PBXShellScriptBuildPhase;
			buildActionMask = 2147483647;
			files = (
			);
			inputPaths = (
				"${PODS_PODFILE_DIR_PATH}/Podfile.lock",
				"${PODS_ROOT}/Manifest.lock",
			);
			name = "[CP] Check Pods Manifest.lock";
			outputPaths = (
				"$(DERIVED_FILE_DIR)/Pods-WhyFiHelper-checkManifestLockResult.txt",
			);
			runOnlyForDeploymentPostprocessing = 0;
			shellPath = /bin/sh;
			shellScript = "diff \"${PODS_PODFILE_DIR_PATH}/Podfile.lock\" \"${PODS_ROOT}/Manifest.lock\" > /dev/null\nif [ $? != 0 ] ; then\n    # print error to STDERR\n    echo \"error: The sandbox is not in sync with the Podfile.lock. Run 'pod install' or update your CocoaPods installation.\" >&2\n    exit 1\nfi\n# This output is used by Xcode 'outputs' to avoid re-running this script phase.\necho \"SUCCESS\" > \"${SCRIPT_OUTPUT_FILE_0}\"\n";
			showEnvVarsInLog = 0;
		};
		53ACCB930856A1EBD95A21C0 /* [CP] Check Pods Manifest.lock */ = {
			isa = PBXShellScriptBuildPhase;
			buildActionMask = 2147483647;
			files = (
			);
			inputPaths = (
				"${PODS_PODFILE_DIR_PATH}/Podfile.lock",
				"${PODS_ROOT}/Manifest.lock",
			);
			name = "[CP] Check Pods Manifest.lock";
			outputPaths = (
				"$(DERIVED_FILE_DIR)/Pods-WhyFi-checkManifestLockResult.txt",
			);
			runOnlyForDeploymentPostprocessing = 0;
			shellPath = /bin/sh;
			shellScript = "diff \"${PODS_PODFILE_DIR_PATH}/Podfile.lock\" \"${PODS_ROOT}/Manifest.lock\" > /dev/null\nif [ $? != 0 ] ; then\n    # print error to STDERR\n    echo \"error: The sandbox is not in sync with the Podfile.lock. Run 'pod install' or update your CocoaPods installation.\" >&2\n    exit 1\nfi\n# This output is used by Xcode 'outputs' to avoid re-running this script phase.\necho \"SUCCESS\" > \"${SCRIPT_OUTPUT_FILE_0}\"\n";
			showEnvVarsInLog = 0;
		};
		6277C124AD3F52A69BE6D6B4 /* [CP] Copy Pods Resources */ = {
			isa = PBXShellScriptBuildPhase;
			buildActionMask = 2147483647;
			files = (
			);
			inputPaths = (
			);
			name = "[CP] Copy Pods Resources";
			outputPaths = (
			);
			runOnlyForDeploymentPostprocessing = 0;
			shellPath = /bin/sh;
			shellScript = "\"${SRCROOT}/Pods/Target Support Files/Pods-WhyFi/Pods-WhyFi-resources.sh\"\n";
			showEnvVarsInLog = 0;
		};
		DA92A011CCAC47F928159B2B /* [CP] Embed Pods Frameworks */ = {
			isa = PBXShellScriptBuildPhase;
			buildActionMask = 2147483647;
			files = (
			);
			inputPaths = (
				"${SRCROOT}/Pods/Target Support Files/Pods-WhyFi/Pods-WhyFi-frameworks.sh",
				"${BUILT_PRODUCTS_DIR}/KeychainAccess/KeychainAccess.framework",
				"${BUILT_PRODUCTS_DIR}/PlainPing/PlainPing.framework",
				"${BUILT_PRODUCTS_DIR}/SwiftyJSON/SwiftyJSON.framework",
			);
			name = "[CP] Embed Pods Frameworks";
			outputPaths = (
				"${TARGET_BUILD_DIR}/${FRAMEWORKS_FOLDER_PATH}/KeychainAccess.framework",
				"${TARGET_BUILD_DIR}/${FRAMEWORKS_FOLDER_PATH}/PlainPing.framework",
				"${TARGET_BUILD_DIR}/${FRAMEWORKS_FOLDER_PATH}/SwiftyJSON.framework",
			);
			runOnlyForDeploymentPostprocessing = 0;
			shellPath = /bin/sh;
			shellScript = "\"${SRCROOT}/Pods/Target Support Files/Pods-WhyFi/Pods-WhyFi-frameworks.sh\"\n";
			showEnvVarsInLog = 0;
		};
/* End PBXShellScriptBuildPhase section */

/* Begin PBXSourcesBuildPhase section */
		E21C94E81EAF029C00DAA633 /* Sources */ = {
			isa = PBXSourcesBuildPhase;
			buildActionMask = 2147483647;
			files = (
				E2C785321EC321ED00236B69 /* SVModalWebViewController.m in Sources */,
				E2E3B7551EBF64A000D836AC /* TableViewController.swift in Sources */,
				E23965651EAF1260005DBC42 /* network.swift in Sources */,
				E2C785341EC321ED00236B69 /* SVWebViewController.m in Sources */,
				E2C7853D1EC321ED00236B69 /* SVWebViewControllerActivity.m in Sources */,
				E277AF671EC0999600A3D338 /* NavigationController.swift in Sources */,
				E2C785371EC321ED00236B69 /* SVWebViewControllerActivityChrome.m in Sources */,
				E21C94F01EAF029C00DAA633 /* AppDelegate.swift in Sources */,
				E2C7853B1EC321ED00236B69 /* SVWebViewControllerActivitySafari.m in Sources */,
			);
			runOnlyForDeploymentPostprocessing = 0;
		};
		E2A015A81EAF9785007ED748 /* Sources */ = {
			isa = PBXSourcesBuildPhase;
			buildActionMask = 2147483647;
			files = (
				E2A015BE1EAF9E4B007ED748 /* network.swift in Sources */,
				E2A015B11EAF9785007ED748 /* TodayViewController.swift in Sources */,
			);
			runOnlyForDeploymentPostprocessing = 0;
		};
/* End PBXSourcesBuildPhase section */

/* Begin PBXTargetDependency section */
		E2A015B71EAF9785007ED748 /* PBXTargetDependency */ = {
			isa = PBXTargetDependency;
			target = E2A015AB1EAF9785007ED748 /* WhyFiHelper */;
			targetProxy = E2A015B61EAF9785007ED748 /* PBXContainerItemProxy */;
		};
/* End PBXTargetDependency section */

/* Begin PBXVariantGroup section */
		E21C94F31EAF029C00DAA633 /* Main.storyboard */ = {
			isa = PBXVariantGroup;
			children = (
				E21C94F41EAF029C00DAA633 /* Base */,
				E208E4B71EBBE96000285501 /* ko */,
				E208E4B91EBBE96200285501 /* zh-Hant */,
				E208E4BB1EBBE96600285501 /* zh-Hans */,
				E208E4BD1EBBE96900285501 /* ja */,
				E208E4D81EBC3A1B00285501 /* en */,
			);
			name = Main.storyboard;
			sourceTree = "<group>";
		};
		E21C94F81EAF029C00DAA633 /* LaunchScreen.storyboard */ = {
			isa = PBXVariantGroup;
			children = (
				E21C94F91EAF029C00DAA633 /* Base */,
				E208E4C11EBBF31200285501 /* en */,
				E208E4C31EBBF31B00285501 /* ko */,
				E208E4C51EBBF32000285501 /* zh-Hant */,
				E208E4C71EBBF32700285501 /* zh-Hans */,
				E208E4C81EBBF32A00285501 /* ja */,
			);
			name = LaunchScreen.storyboard;
			sourceTree = "<group>";
		};
		E2A015B21EAF9785007ED748 /* MainInterface.storyboard */ = {
			isa = PBXVariantGroup;
			children = (
				E2A015B31EAF9785007ED748 /* Base */,
				E2A3BD111EB483F400F26FAB /* ko */,
				E2A3BD181EB4840600F26FAB /* zh-Hant */,
				E2A3BD1C1EB4843800F26FAB /* zh-Hans */,
				E2F39B2B1EB4870F009D0AC8 /* ja */,
				E208E4BF1EBBF06300285501 /* en */,
			);
			name = MainInterface.storyboard;
			sourceTree = "<group>";
		};
		E2C785121EC321ED00236B69 /* SVWebViewController.strings */ = {
			isa = PBXVariantGroup;
			children = (
				E2C785131EC321ED00236B69 /* da */,
				E2C785141EC321ED00236B69 /* de */,
				E2C785151EC321ED00236B69 /* en */,
				E2C785161EC321ED00236B69 /* es-ES */,
				E2C785171EC321ED00236B69 /* es */,
				E2C785181EC321ED00236B69 /* fr */,
				E2C785191EC321ED00236B69 /* ja */,
				E2C7851A1EC321ED00236B69 /* pt */,
				E2C7852F1EC321ED00236B69 /* zh-Hans */,
				E2C785301EC321ED00236B69 /* zh-Hant */,
			);
			name = SVWebViewController.strings;
			sourceTree = "<group>";
		};
		E2E3B7661EBF676200D836AC /* Localizable.strings */ = {
			isa = PBXVariantGroup;
			children = (
				E2E3B7651EBF676200D836AC /* Base */,
				E2E3B7671EBF676700D836AC /* en */,
				E2E3B7681EBF676E00D836AC /* ko */,
				E2E3B7691EBF677300D836AC /* zh-Hant */,
				E2E3B76A1EBF677500D836AC /* zh-Hans */,
				E2E3B76B1EBF677700D836AC /* ja */,
			);
			name = Localizable.strings;
			sourceTree = "<group>";
		};
/* End PBXVariantGroup section */

/* Begin XCBuildConfiguration section */
		E21C94FC1EAF029C00DAA633 /* Debug */ = {
			isa = XCBuildConfiguration;
			buildSettings = {
				ALWAYS_SEARCH_USER_PATHS = NO;
				CLANG_ANALYZER_LOCALIZABILITY_NONLOCALIZED = YES;
				CLANG_ANALYZER_NONNULL = YES;
				CLANG_ANALYZER_NUMBER_OBJECT_CONVERSION = YES_AGGRESSIVE;
				CLANG_CXX_LANGUAGE_STANDARD = "gnu++0x";
				CLANG_CXX_LIBRARY = "libc++";
				CLANG_ENABLE_MODULES = YES;
				CLANG_ENABLE_OBJC_ARC = YES;
				CLANG_WARN_BLOCK_CAPTURE_AUTORELEASING = YES;
				CLANG_WARN_BOOL_CONVERSION = YES;
				CLANG_WARN_COMMA = YES;
				CLANG_WARN_CONSTANT_CONVERSION = YES;
				CLANG_WARN_DIRECT_OBJC_ISA_USAGE = YES_ERROR;
				CLANG_WARN_DOCUMENTATION_COMMENTS = YES;
				CLANG_WARN_EMPTY_BODY = YES;
				CLANG_WARN_ENUM_CONVERSION = YES;
				CLANG_WARN_INFINITE_RECURSION = YES;
				CLANG_WARN_INT_CONVERSION = YES;
				CLANG_WARN_NON_LITERAL_NULL_CONVERSION = YES;
				CLANG_WARN_OBJC_LITERAL_CONVERSION = YES;
				CLANG_WARN_OBJC_ROOT_CLASS = YES_ERROR;
				CLANG_WARN_RANGE_LOOP_ANALYSIS = YES;
				CLANG_WARN_STRICT_PROTOTYPES = YES;
				CLANG_WARN_SUSPICIOUS_MOVE = YES;
				CLANG_WARN_UNREACHABLE_CODE = YES;
				CLANG_WARN__DUPLICATE_METHOD_MATCH = YES;
				"CODE_SIGN_IDENTITY[sdk=iphoneos*]" = "iPhone Developer";
				COPY_PHASE_STRIP = NO;
				DEBUG_INFORMATION_FORMAT = dwarf;
				ENABLE_STRICT_OBJC_MSGSEND = YES;
				ENABLE_TESTABILITY = YES;
				GCC_C_LANGUAGE_STANDARD = gnu99;
				GCC_DYNAMIC_NO_PIC = NO;
				GCC_NO_COMMON_BLOCKS = YES;
				GCC_OPTIMIZATION_LEVEL = 0;
				GCC_PREPROCESSOR_DEFINITIONS = (
					"DEBUG=1",
					"$(inherited)",
				);
				GCC_WARN_64_TO_32_BIT_CONVERSION = YES;
				GCC_WARN_ABOUT_RETURN_TYPE = YES_ERROR;
				GCC_WARN_UNDECLARED_SELECTOR = YES;
				GCC_WARN_UNINITIALIZED_AUTOS = YES_AGGRESSIVE;
				GCC_WARN_UNUSED_FUNCTION = YES;
				GCC_WARN_UNUSED_VARIABLE = YES;
				IPHONEOS_DEPLOYMENT_TARGET = 10.0;
				LIBRARY_SEARCH_PATHS = "";
				MTL_ENABLE_DEBUG_INFO = YES;
				ONLY_ACTIVE_ARCH = YES;
				SDKROOT = iphoneos;
				SWIFT_ACTIVE_COMPILATION_CONDITIONS = DEBUG;
				SWIFT_OPTIMIZATION_LEVEL = "-Onone";
				TARGETED_DEVICE_FAMILY = "1,2";
			};
			name = Debug;
		};
		E21C94FD1EAF029C00DAA633 /* Release */ = {
			isa = XCBuildConfiguration;
			buildSettings = {
				ALWAYS_SEARCH_USER_PATHS = NO;
				CLANG_ANALYZER_LOCALIZABILITY_NONLOCALIZED = YES;
				CLANG_ANALYZER_NONNULL = YES;
				CLANG_ANALYZER_NUMBER_OBJECT_CONVERSION = YES_AGGRESSIVE;
				CLANG_CXX_LANGUAGE_STANDARD = "gnu++0x";
				CLANG_CXX_LIBRARY = "libc++";
				CLANG_ENABLE_MODULES = YES;
				CLANG_ENABLE_OBJC_ARC = YES;
				CLANG_WARN_BLOCK_CAPTURE_AUTORELEASING = YES;
				CLANG_WARN_BOOL_CONVERSION = YES;
				CLANG_WARN_COMMA = YES;
				CLANG_WARN_CONSTANT_CONVERSION = YES;
				CLANG_WARN_DIRECT_OBJC_ISA_USAGE = YES_ERROR;
				CLANG_WARN_DOCUMENTATION_COMMENTS = YES;
				CLANG_WARN_EMPTY_BODY = YES;
				CLANG_WARN_ENUM_CONVERSION = YES;
				CLANG_WARN_INFINITE_RECURSION = YES;
				CLANG_WARN_INT_CONVERSION = YES;
				CLANG_WARN_NON_LITERAL_NULL_CONVERSION = YES;
				CLANG_WARN_OBJC_LITERAL_CONVERSION = YES;
				CLANG_WARN_OBJC_ROOT_CLASS = YES_ERROR;
				CLANG_WARN_RANGE_LOOP_ANALYSIS = YES;
				CLANG_WARN_STRICT_PROTOTYPES = YES;
				CLANG_WARN_SUSPICIOUS_MOVE = YES;
				CLANG_WARN_UNREACHABLE_CODE = YES;
				CLANG_WARN__DUPLICATE_METHOD_MATCH = YES;
				"CODE_SIGN_IDENTITY[sdk=iphoneos*]" = "iPhone Developer";
				COPY_PHASE_STRIP = NO;
				DEBUG_INFORMATION_FORMAT = "dwarf-with-dsym";
				ENABLE_NS_ASSERTIONS = NO;
				ENABLE_STRICT_OBJC_MSGSEND = YES;
				GCC_C_LANGUAGE_STANDARD = gnu99;
				GCC_NO_COMMON_BLOCKS = YES;
				GCC_WARN_64_TO_32_BIT_CONVERSION = YES;
				GCC_WARN_ABOUT_RETURN_TYPE = YES_ERROR;
				GCC_WARN_UNDECLARED_SELECTOR = YES;
				GCC_WARN_UNINITIALIZED_AUTOS = YES_AGGRESSIVE;
				GCC_WARN_UNUSED_FUNCTION = YES;
				GCC_WARN_UNUSED_VARIABLE = YES;
				IPHONEOS_DEPLOYMENT_TARGET = 10.0;
				LIBRARY_SEARCH_PATHS = "";
				MTL_ENABLE_DEBUG_INFO = NO;
				SDKROOT = iphoneos;
				SWIFT_OPTIMIZATION_LEVEL = "-Owholemodule";
				TARGETED_DEVICE_FAMILY = "1,2";
				VALIDATE_PRODUCT = YES;
			};
			name = Release;
		};
		E21C94FF1EAF029C00DAA633 /* Debug */ = {
			isa = XCBuildConfiguration;
			baseConfigurationReference = 37BF10E90AEA24EF4EE75519 /* Pods-WhyFi.debug.xcconfig */;
			buildSettings = {
				ALWAYS_EMBED_SWIFT_STANDARD_LIBRARIES = YES;
				ASSETCATALOG_COMPILER_APPICON_NAME = AppIcon;
				"CODE_SIGN_IDENTITY[sdk=iphoneos*]" = "iPhone Developer";
				DEVELOPMENT_TEAM = "";
				FRAMEWORK_SEARCH_PATHS = (
					"$(inherited)",
					"$(PROJECT_DIR)",
				);
				INFOPLIST_FILE = WhyFi/Info.plist;
				IPHONEOS_DEPLOYMENT_TARGET = 8.2;
				LD_RUNPATH_SEARCH_PATHS = "$(inherited) @executable_path/Frameworks";
				PRODUCT_BUNDLE_IDENTIFIER = org.ShanghaiTech.WhyFi;
				PRODUCT_NAME = "$(TARGET_NAME)";
				PROVISIONING_PROFILE_SPECIFIER = "";
				SWIFT_OBJC_BRIDGING_HEADER = "$PROJECT_DIR/WhyFi/WhyFi-Bridging-Header.h";
				SWIFT_VERSION = 4.0;
				TARGETED_DEVICE_FAMILY = "1,2";
			};
			name = Debug;
		};
		E21C95001EAF029C00DAA633 /* Release */ = {
			isa = XCBuildConfiguration;
			baseConfigurationReference = F9B072FFDDF4A8C568998405 /* Pods-WhyFi.release.xcconfig */;
			buildSettings = {
				ALWAYS_EMBED_SWIFT_STANDARD_LIBRARIES = YES;
				ASSETCATALOG_COMPILER_APPICON_NAME = AppIcon;
				"CODE_SIGN_IDENTITY[sdk=iphoneos*]" = "iPhone Developer";
				DEVELOPMENT_TEAM = "";
				FRAMEWORK_SEARCH_PATHS = (
					"$(inherited)",
					"$(PROJECT_DIR)",
				);
				INFOPLIST_FILE = WhyFi/Info.plist;
				IPHONEOS_DEPLOYMENT_TARGET = 8.2;
				LD_RUNPATH_SEARCH_PATHS = "$(inherited) @executable_path/Frameworks";
				PRODUCT_BUNDLE_IDENTIFIER = org.ShanghaiTech.WhyFi;
				PRODUCT_NAME = "$(TARGET_NAME)";
				PROVISIONING_PROFILE_SPECIFIER = "";
				SWIFT_OBJC_BRIDGING_HEADER = "$PROJECT_DIR/WhyFi/WhyFi-Bridging-Header.h";
				SWIFT_VERSION = 4.0;
				TARGETED_DEVICE_FAMILY = "1,2";
			};
			name = Release;
		};
		E2A015BA1EAF9785007ED748 /* Debug */ = {
			isa = XCBuildConfiguration;
			baseConfigurationReference = C11F86269A2C8909FF243701 /* Pods-WhyFiHelper.debug.xcconfig */;
			buildSettings = {
				CLANG_ENABLE_MODULES = YES;
				DEVELOPMENT_TEAM = "";
				INFOPLIST_FILE = WhyFiHelper/Info.plist;
				IPHONEOS_DEPLOYMENT_TARGET = 8.2;
				LD_RUNPATH_SEARCH_PATHS = "$(inherited) @executable_path/Frameworks @executable_path/../../Frameworks";
				PRODUCT_BUNDLE_IDENTIFIER = org.ShanghaiTech.WhyFi.WhyFiHelper;
				PRODUCT_NAME = "$(TARGET_NAME)";
				SDKROOT = iphoneos;
				SKIP_INSTALL = YES;
				SWIFT_OBJC_BRIDGING_HEADER = "";
				SWIFT_OPTIMIZATION_LEVEL = "-Onone";
				SWIFT_VERSION = 4.0;
				VALID_ARCHS = "armv7 armv7s arm64";
			};
			name = Debug;
		};
		E2A015BB1EAF9785007ED748 /* Release */ = {
			isa = XCBuildConfiguration;
			baseConfigurationReference = 6B36F5883F219D4489F8CFFC /* Pods-WhyFiHelper.release.xcconfig */;
			buildSettings = {
				CLANG_ENABLE_MODULES = YES;
				DEVELOPMENT_TEAM = "";
				INFOPLIST_FILE = WhyFiHelper/Info.plist;
				IPHONEOS_DEPLOYMENT_TARGET = 8.2;
				LD_RUNPATH_SEARCH_PATHS = "$(inherited) @executable_path/Frameworks @executable_path/../../Frameworks";
				PRODUCT_BUNDLE_IDENTIFIER = org.ShanghaiTech.WhyFi.WhyFiHelper;
				PRODUCT_NAME = "$(TARGET_NAME)";
				SDKROOT = iphoneos;
				SKIP_INSTALL = YES;
				SWIFT_OBJC_BRIDGING_HEADER = "";
				SWIFT_VERSION = 4.0;
				VALID_ARCHS = "armv7 armv7s arm64";
			};
			name = Release;
		};
/* End XCBuildConfiguration section */

/* Begin XCConfigurationList section */
		E21C94E71EAF029C00DAA633 /* Build configuration list for PBXProject "WhyFi" */ = {
			isa = XCConfigurationList;
			buildConfigurations = (
				E21C94FC1EAF029C00DAA633 /* Debug */,
				E21C94FD1EAF029C00DAA633 /* Release */,
			);
			defaultConfigurationIsVisible = 0;
			defaultConfigurationName = Release;
		};
		E21C94FE1EAF029C00DAA633 /* Build configuration list for PBXNativeTarget "WhyFi" */ = {
			isa = XCConfigurationList;
			buildConfigurations = (
				E21C94FF1EAF029C00DAA633 /* Debug */,
				E21C95001EAF029C00DAA633 /* Release */,
			);
			defaultConfigurationIsVisible = 0;
			defaultConfigurationName = Release;
		};
		E2A015B91EAF9785007ED748 /* Build configuration list for PBXNativeTarget "WhyFiHelper" */ = {
			isa = XCConfigurationList;
			buildConfigurations = (
				E2A015BA1EAF9785007ED748 /* Debug */,
				E2A015BB1EAF9785007ED748 /* Release */,
			);
			defaultConfigurationIsVisible = 0;
			defaultConfigurationName = Release;
		};
/* End XCConfigurationList section */
	};
	rootObject = E21C94E41EAF029C00DAA633 /* Project object */;
}
